// !$*UTF8*$!
{
	archiveVersion = 1;
	classes = {
	};
	objectVersion = 46;
	objects = {

/* Begin PBXBuildFile section */
		6A1ECF871F37B2FA006E142C /* CurrentWeatherModel.swift in Sources */ = {isa = PBXBuildFile; fileRef = 6A1ECF861F37B2FA006E142C /* CurrentWeatherModel.swift */; };
		6A1ECF891F380419006E142C /* Assets.xcassets in Resources */ = {isa = PBXBuildFile; fileRef = 6A1ECF881F380419006E142C /* Assets.xcassets */; };
		6A1ECF8C1F38209C006E142C /* Forecast.swift in Sources */ = {isa = PBXBuildFile; fileRef = 6A1ECF8B1F38209C006E142C /* Forecast.swift */; };
		6A3AE0E61F36D6450053BE5D /* WeatherService.swift in Sources */ = {isa = PBXBuildFile; fileRef = 6A3AE0E51F36D6450053BE5D /* WeatherService.swift */; };
		6A3AE0E71F36D6450053BE5D /* WeatherService.swift in Sources */ = {isa = PBXBuildFile; fileRef = 6A3AE0E51F36D6450053BE5D /* WeatherService.swift */; };
		6A3AE0E91F36D8090053BE5D /* CityService.swift in Sources */ = {isa = PBXBuildFile; fileRef = 6A3AE0E81F36D8090053BE5D /* CityService.swift */; };
		6A3AE0EA1F36D8090053BE5D /* CityService.swift in Sources */ = {isa = PBXBuildFile; fileRef = 6A3AE0E81F36D8090053BE5D /* CityService.swift */; };
		6A67CF291F362D2F0001D1B2 /* AppDelegate.swift in Sources */ = {isa = PBXBuildFile; fileRef = 6A67CF281F362D2F0001D1B2 /* AppDelegate.swift */; };
		6A67CF2B1F362D2F0001D1B2 /* ViewController.swift in Sources */ = {isa = PBXBuildFile; fileRef = 6A67CF2A1F362D2F0001D1B2 /* ViewController.swift */; };
		6A67CF2E1F362D2F0001D1B2 /* Main.storyboard in Resources */ = {isa = PBXBuildFile; fileRef = 6A67CF2C1F362D2F0001D1B2 /* Main.storyboard */; };
		6A67CF331F362D2F0001D1B2 /* LaunchScreen.storyboard in Resources */ = {isa = PBXBuildFile; fileRef = 6A67CF311F362D2F0001D1B2 /* LaunchScreen.storyboard */; };
		6A67CF3E1F362D2F0001D1B2 /* BoseWeatherApplicationTests.swift in Sources */ = {isa = PBXBuildFile; fileRef = 6A67CF3D1F362D2F0001D1B2 /* BoseWeatherApplicationTests.swift */; };
		6AF0E1661F36E17000226351 /* City.swift in Sources */ = {isa = PBXBuildFile; fileRef = 6AF0E1651F36E17000226351 /* City.swift */; };
		6AF0E1681F36E46000226351 /* CityModel.swift in Sources */ = {isa = PBXBuildFile; fileRef = 6AF0E1671F36E46000226351 /* CityModel.swift */; };
/* End PBXBuildFile section */

/* Begin PBXContainerItemProxy section */
		6A67CF3A1F362D2F0001D1B2 /* PBXContainerItemProxy */ = {
			isa = PBXContainerItemProxy;
			containerPortal = 6A67CF1D1F362D2F0001D1B2 /* Project object */;
			proxyType = 1;
			remoteGlobalIDString = 6A67CF241F362D2F0001D1B2;
			remoteInfo = BoseWeatherApplication;
		};
/* End PBXContainerItemProxy section */

/* Begin PBXFileReference section */
		6A1ECF861F37B2FA006E142C /* CurrentWeatherModel.swift */ = {isa = PBXFileReference; fileEncoding = 4; lastKnownFileType = sourcecode.swift; path = CurrentWeatherModel.swift; sourceTree = "<group>"; };
		6A1ECF881F380419006E142C /* Assets.xcassets */ = {isa = PBXFileReference; lastKnownFileType = folder.assetcatalog; path = Assets.xcassets; sourceTree = "<group>"; };
		6A1ECF8B1F38209C006E142C /* Forecast.swift */ = {isa = PBXFileReference; fileEncoding = 4; lastKnownFileType = sourcecode.swift; path = Forecast.swift; sourceTree = "<group>"; };
		6A3AE0E51F36D6450053BE5D /* WeatherService.swift */ = {isa = PBXFileReference; fileEncoding = 4; lastKnownFileType = sourcecode.swift; path = WeatherService.swift; sourceTree = "<group>"; };
		6A3AE0E81F36D8090053BE5D /* CityService.swift */ = {isa = PBXFileReference; fileEncoding = 4; lastKnownFileType = sourcecode.swift; path = CityService.swift; sourceTree = "<group>"; };
		6A67CF251F362D2F0001D1B2 /* BoseWeatherApplication.app */ = {isa = PBXFileReference; explicitFileType = wrapper.application; includeInIndex = 0; path = BoseWeatherApplication.app; sourceTree = BUILT_PRODUCTS_DIR; };
		6A67CF281F362D2F0001D1B2 /* AppDelegate.swift */ = {isa = PBXFileReference; lastKnownFileType = sourcecode.swift; path = AppDelegate.swift; sourceTree = "<group>"; };
		6A67CF2A1F362D2F0001D1B2 /* ViewController.swift */ = {isa = PBXFileReference; lastKnownFileType = sourcecode.swift; path = ViewController.swift; sourceTree = "<group>"; };
		6A67CF2D1F362D2F0001D1B2 /* Base */ = {isa = PBXFileReference; lastKnownFileType = file.storyboard; name = Base; path = Base.lproj/Main.storyboard; sourceTree = "<group>"; };
		6A67CF321F362D2F0001D1B2 /* Base */ = {isa = PBXFileReference; lastKnownFileType = file.storyboard; name = Base; path = Base.lproj/LaunchScreen.storyboard; sourceTree = "<group>"; };
		6A67CF341F362D2F0001D1B2 /* Info.plist */ = {isa = PBXFileReference; lastKnownFileType = text.plist.xml; path = Info.plist; sourceTree = "<group>"; };
		6A67CF391F362D2F0001D1B2 /* BoseWeatherApplicationTests.xctest */ = {isa = PBXFileReference; explicitFileType = wrapper.cfbundle; includeInIndex = 0; path = BoseWeatherApplicationTests.xctest; sourceTree = BUILT_PRODUCTS_DIR; };
		6A67CF3D1F362D2F0001D1B2 /* BoseWeatherApplicationTests.swift */ = {isa = PBXFileReference; lastKnownFileType = sourcecode.swift; path = BoseWeatherApplicationTests.swift; sourceTree = "<group>"; };
		6A67CF3F1F362D2F0001D1B2 /* Info.plist */ = {isa = PBXFileReference; lastKnownFileType = text.plist.xml; path = Info.plist; sourceTree = "<group>"; };
		6AF0E1651F36E17000226351 /* City.swift */ = {isa = PBXFileReference; fileEncoding = 4; lastKnownFileType = sourcecode.swift; path = City.swift; sourceTree = "<group>"; };
		6AF0E1671F36E46000226351 /* CityModel.swift */ = {isa = PBXFileReference; fileEncoding = 4; lastKnownFileType = sourcecode.swift; path = CityModel.swift; sourceTree = "<group>"; };
/* End PBXFileReference section */

/* Begin PBXFrameworksBuildPhase section */
		6A67CF221F362D2F0001D1B2 /* Frameworks */ = {
			isa = PBXFrameworksBuildPhase;
			buildActionMask = 2147483647;
			files = (
			);
			runOnlyForDeploymentPostprocessing = 0;
		};
		6A67CF361F362D2F0001D1B2 /* Frameworks */ = {
			isa = PBXFrameworksBuildPhase;
			buildActionMask = 2147483647;
			files = (
			);
			runOnlyForDeploymentPostprocessing = 0;
		};
/* End PBXFrameworksBuildPhase section */

/* Begin PBXGroup section */
		6A1ECF851F37B2DB006E142C /* Current Weather */ = {
			isa = PBXGroup;
			children = (
				6A67CF2A1F362D2F0001D1B2 /* ViewController.swift */,
				6A3AE0E51F36D6450053BE5D /* WeatherService.swift */,
				6A1ECF861F37B2FA006E142C /* CurrentWeatherModel.swift */,
			);
			name = "Current Weather";
			sourceTree = "<group>";
		};
		6A1ECF8A1F38207E006E142C /* Forecast */ = {
			isa = PBXGroup;
			children = (
				6A1ECF8B1F38209C006E142C /* Forecast.swift */,
			);
			name = Forecast;
			sourceTree = "<group>";
		};
		6A3AE0EB1F36D9CD0053BE5D /* Search City */ = {
			isa = PBXGroup;
			children = (
				6A3AE0E81F36D8090053BE5D /* CityService.swift */,
				6AF0E1651F36E17000226351 /* City.swift */,
				6AF0E1671F36E46000226351 /* CityModel.swift */,
			);
			name = "Search City";
			sourceTree = "<group>";
		};
		6A67CF1C1F362D2F0001D1B2 = {
			isa = PBXGroup;
			children = (
				6A67CF271F362D2F0001D1B2 /* BoseWeatherApplication */,
				6A67CF3C1F362D2F0001D1B2 /* BoseWeatherApplicationTests */,
				6A67CF261F362D2F0001D1B2 /* Products */,
			);
			sourceTree = "<group>";
		};
		6A67CF261F362D2F0001D1B2 /* Products */ = {
			isa = PBXGroup;
			children = (
				6A67CF251F362D2F0001D1B2 /* BoseWeatherApplication.app */,
				6A67CF391F362D2F0001D1B2 /* BoseWeatherApplicationTests.xctest */,
			);
			name = Products;
			sourceTree = "<group>";
		};
		6A67CF271F362D2F0001D1B2 /* BoseWeatherApplication */ = {
			isa = PBXGroup;
			children = (
				6A1ECF8A1F38207E006E142C /* Forecast */,
				6A1ECF851F37B2DB006E142C /* Current Weather */,
				6A3AE0EB1F36D9CD0053BE5D /* Search City */,
				6A67CF281F362D2F0001D1B2 /* AppDelegate.swift */,
				6A67CF2C1F362D2F0001D1B2 /* Main.storyboard */,
				6A67CF311F362D2F0001D1B2 /* LaunchScreen.storyboard */,
				6A67CF341F362D2F0001D1B2 /* Info.plist */,
				6A1ECF881F380419006E142C /* Assets.xcassets */,
			);
			path = BoseWeatherApplication;
			sourceTree = "<group>";
		};
		6A67CF3C1F362D2F0001D1B2 /* BoseWeatherApplicationTests */ = {
			isa = PBXGroup;
			children = (
				6A67CF3D1F362D2F0001D1B2 /* BoseWeatherApplicationTests.swift */,
				6A67CF3F1F362D2F0001D1B2 /* Info.plist */,
			);
			path = BoseWeatherApplicationTests;
			sourceTree = "<group>";
		};
/* End PBXGroup section */

/* Begin PBXNativeTarget section */
		6A67CF241F362D2F0001D1B2 /* BoseWeatherApplication */ = {
			isa = PBXNativeTarget;
			buildConfigurationList = 6A67CF421F362D2F0001D1B2 /* Build configuration list for PBXNativeTarget "BoseWeatherApplication" */;
			buildPhases = (
				6A67CF211F362D2F0001D1B2 /* Sources */,
				6A67CF221F362D2F0001D1B2 /* Frameworks */,
				6A67CF231F362D2F0001D1B2 /* Resources */,
			);
			buildRules = (
			);
			dependencies = (
			);
			name = BoseWeatherApplication;
			productName = BoseWeatherApplication;
			productReference = 6A67CF251F362D2F0001D1B2 /* BoseWeatherApplication.app */;
			productType = "com.apple.product-type.application";
		};
		6A67CF381F362D2F0001D1B2 /* BoseWeatherApplicationTests */ = {
			isa = PBXNativeTarget;
			buildConfigurationList = 6A67CF451F362D2F0001D1B2 /* Build configuration list for PBXNativeTarget "BoseWeatherApplicationTests" */;
			buildPhases = (
				6A67CF351F362D2F0001D1B2 /* Sources */,
				6A67CF361F362D2F0001D1B2 /* Frameworks */,
				6A67CF371F362D2F0001D1B2 /* Resources */,
			);
			buildRules = (
			);
			dependencies = (
				6A67CF3B1F362D2F0001D1B2 /* PBXTargetDependency */,
			);
			name = BoseWeatherApplicationTests;
			productName = BoseWeatherApplicationTests;
			productReference = 6A67CF391F362D2F0001D1B2 /* BoseWeatherApplicationTests.xctest */;
			productType = "com.apple.product-type.bundle.unit-test";
		};
/* End PBXNativeTarget section */

/* Begin PBXProject section */
		6A67CF1D1F362D2F0001D1B2 /* Project object */ = {
			isa = PBXProject;
			attributes = {
				LastSwiftUpdateCheck = 0820;
				LastUpgradeCheck = 0820;
				ORGANIZATIONNAME = RohitNatraj;
				TargetAttributes = {
					6A67CF241F362D2F0001D1B2 = {
						CreatedOnToolsVersion = 8.2.1;
						ProvisioningStyle = Automatic;
						SystemCapabilities = {
							com.apple.BackgroundModes = {
								enabled = 1;
							};
						};
					};
					6A67CF381F362D2F0001D1B2 = {
						CreatedOnToolsVersion = 8.2.1;
						ProvisioningStyle = Automatic;
						TestTargetID = 6A67CF241F362D2F0001D1B2;
					};
				};
			};
			buildConfigurationList = 6A67CF201F362D2F0001D1B2 /* Build configuration list for PBXProject "BoseWeatherApplication" */;
			compatibilityVersion = "Xcode 3.2";
			developmentRegion = English;
			hasScannedForEncodings = 0;
			knownRegions = (
				en,
				Base,
			);
			mainGroup = 6A67CF1C1F362D2F0001D1B2;
			productRefGroup = 6A67CF261F362D2F0001D1B2 /* Products */;
			projectDirPath = "";
			projectRoot = "";
			targets = (
				6A67CF241F362D2F0001D1B2 /* BoseWeatherApplication */,
				6A67CF381F362D2F0001D1B2 /* BoseWeatherApplicationTests */,
			);
		};
/* End PBXProject section */

/* Begin PBXResourcesBuildPhase section */
		6A67CF231F362D2F0001D1B2 /* Resources */ = {
			isa = PBXResourcesBuildPhase;
			buildActionMask = 2147483647;
			files = (
				6A67CF331F362D2F0001D1B2 /* LaunchScreen.storyboard in Resources */,
				6A1ECF891F380419006E142C /* Assets.xcassets in Resources */,
				6A67CF2E1F362D2F0001D1B2 /* Main.storyboard in Resources */,
			);
			runOnlyForDeploymentPostprocessing = 0;
		};
		6A67CF371F362D2F0001D1B2 /* Resources */ = {
			isa = PBXResourcesBuildPhase;
			buildActionMask = 2147483647;
			files = (
			);
			runOnlyForDeploymentPostprocessing = 0;
		};
/* End PBXResourcesBuildPhase section */

/* Begin PBXSourcesBuildPhase section */
		6A67CF211F362D2F0001D1B2 /* Sources */ = {
			isa = PBXSourcesBuildPhase;
			buildActionMask = 2147483647;
			files = (
				6A1ECF8C1F38209C006E142C /* Forecast.swift in Sources */,
				6A67CF2B1F362D2F0001D1B2 /* ViewController.swift in Sources */,
				6AF0E1661F36E17000226351 /* City.swift in Sources */,
				6A1ECF871F37B2FA006E142C /* CurrentWeatherModel.swift in Sources */,
				6AF0E1681F36E46000226351 /* CityModel.swift in Sources */,
				6A3AE0E61F36D6450053BE5D /* WeatherService.swift in Sources */,
				6A3AE0E91F36D8090053BE5D /* CityService.swift in Sources */,
				6A67CF291F362D2F0001D1B2 /* AppDelegate.swift in Sources */,
			);
			runOnlyForDeploymentPostprocessing = 0;
		};
		6A67CF351F362D2F0001D1B2 /* Sources */ = {
			isa = PBXSourcesBuildPhase;
			buildActionMask = 2147483647;
			files = (
				6A3AE0E71F36D6450053BE5D /* WeatherService.swift in Sources */,
				6A3AE0EA1F36D8090053BE5D /* CityService.swift in Sources */,
				6A67CF3E1F362D2F0001D1B2 /* BoseWeatherApplicationTests.swift in Sources */,
			);
			runOnlyForDeploymentPostprocessing = 0;
		};
/* End PBXSourcesBuildPhase section */

/* Begin PBXTargetDependency section */
		6A67CF3B1F362D2F0001D1B2 /* PBXTargetDependency */ = {
			isa = PBXTargetDependency;
			target = 6A67CF241F362D2F0001D1B2 /* BoseWeatherApplication */;
			targetProxy = 6A67CF3A1F362D2F0001D1B2 /* PBXContainerItemProxy */;
		};
/* End PBXTargetDependency section */

/* Begin PBXVariantGroup section */
		6A67CF2C1F362D2F0001D1B2 /* Main.storyboard */ = {
			isa = PBXVariantGroup;
			children = (
				6A67CF2D1F362D2F0001D1B2 /* Base */,
			);
			name = Main.storyboard;
			sourceTree = "<group>";
		};
		6A67CF311F362D2F0001D1B2 /* LaunchScreen.storyboard */ = {
			isa = PBXVariantGroup;
			children = (
				6A67CF321F362D2F0001D1B2 /* Base */,
			);
			name = LaunchScreen.storyboard;
			sourceTree = "<group>";
		};
/* End PBXVariantGroup section */

/* Begin XCBuildConfiguration section */
		6A67CF401F362D2F0001D1B2 /* Debug */ = {
			isa = XCBuildConfiguration;
			buildSettings = {
				ALWAYS_SEARCH_USER_PATHS = NO;
				CLANG_ANALYZER_NONNULL = YES;
				CLANG_CXX_LANGUAGE_STANDARD = "gnu++0x";
				CLANG_CXX_LIBRARY = "libc++";
				CLANG_ENABLE_MODULES = YES;
				CLANG_ENABLE_OBJC_ARC = YES;
				CLANG_WARN_BOOL_CONVERSION = YES;
				CLANG_WARN_CONSTANT_CONVERSION = YES;
				CLANG_WARN_DIRECT_OBJC_ISA_USAGE = YES_ERROR;
				CLANG_WARN_DOCUMENTATION_COMMENTS = YES;
				CLANG_WARN_EMPTY_BODY = YES;
				CLANG_WARN_ENUM_CONVERSION = YES;
				CLANG_WARN_INFINITE_RECURSION = YES;
				CLANG_WARN_INT_CONVERSION = YES;
				CLANG_WARN_OBJC_ROOT_CLASS = YES_ERROR;
				CLANG_WARN_SUSPICIOUS_MOVE = YES;
				CLANG_WARN_UNREACHABLE_CODE = YES;
				CLANG_WARN__DUPLICATE_METHOD_MATCH = YES;
				"CODE_SIGN_IDENTITY[sdk=iphoneos*]" = "iPhone Developer";
				COPY_PHASE_STRIP = NO;
				DEBUG_INFORMATION_FORMAT = dwarf;
				ENABLE_STRICT_OBJC_MSGSEND = YES;
				ENABLE_TESTABILITY = YES;
				GCC_C_LANGUAGE_STANDARD = gnu99;
				GCC_DYNAMIC_NO_PIC = NO;
				GCC_NO_COMMON_BLOCKS = YES;
				GCC_OPTIMIZATION_LEVEL = 0;
				GCC_PREPROCESSOR_DEFINITIONS = (
					"DEBUG=1",
					"$(inherited)",
				);
				GCC_WARN_64_TO_32_BIT_CONVERSION = YES;
				GCC_WARN_ABOUT_RETURN_TYPE = YES_ERROR;
				GCC_WARN_UNDECLARED_SELECTOR = YES;
				GCC_WARN_UNINITIALIZED_AUTOS = YES_AGGRESSIVE;
				GCC_WARN_UNUSED_FUNCTION = YES;
				GCC_WARN_UNUSED_VARIABLE = YES;
				IPHONEOS_DEPLOYMENT_TARGET = 10.2;
				MTL_ENABLE_DEBUG_INFO = YES;
				ONLY_ACTIVE_ARCH = YES;
				SDKROOT = iphoneos;
				SWIFT_ACTIVE_COMPILATION_CONDITIONS = DEBUG;
				SWIFT_OPTIMIZATION_LEVEL = "-Onone";
				TARGETED_DEVICE_FAMILY = "1,2";
			};
			name = Debug;
		};
		6A67CF411F362D2F0001D1B2 /* Release */ = {
			isa = XCBuildConfiguration;
			buildSettings = {
				ALWAYS_SEARCH_USER_PATHS = NO;
				CLANG_ANALYZER_NONNULL = YES;
				CLANG_CXX_LANGUAGE_STANDARD = "gnu++0x";
				CLANG_CXX_LIBRARY = "libc++";
				CLANG_ENABLE_MODULES = YES;
				CLANG_ENABLE_OBJC_ARC = YES;
				CLANG_WARN_BOOL_CONVERSION = YES;
				CLANG_WARN_CONSTANT_CONVERSION = YES;
				CLANG_WARN_DIRECT_OBJC_ISA_USAGE = YES_ERROR;
				CLANG_WARN_DOCUMENTATION_COMMENTS = YES;
				CLANG_WARN_EMPTY_BODY = YES;
				CLANG_WARN_ENUM_CONVERSION = YES;
				CLANG_WARN_INFINITE_RECURSION = YES;
				CLANG_WARN_INT_CONVERSION = YES;
				CLANG_WARN_OBJC_ROOT_CLASS = YES_ERROR;
				CLANG_WARN_SUSPICIOUS_MOVE = YES;
				CLANG_WARN_UNREACHABLE_CODE = YES;
				CLANG_WARN__DUPLICATE_METHOD_MATCH = YES;
				"CODE_SIGN_IDENTITY[sdk=iphoneos*]" = "iPhone Developer";
				COPY_PHASE_STRIP = NO;
				DEBUG_INFORMATION_FORMAT = "dwarf-with-dsym";
				ENABLE_NS_ASSERTIONS = NO;
				ENABLE_STRICT_OBJC_MSGSEND = YES;
				GCC_C_LANGUAGE_STANDARD = gnu99;
				GCC_NO_COMMON_BLOCKS = YES;
				GCC_WARN_64_TO_32_BIT_CONVERSION = YES;
				GCC_WARN_ABOUT_RETURN_TYPE = YES_ERROR;
				GCC_WARN_UNDECLARED_SELECTOR = YES;
				GCC_WARN_UNINITIALIZED_AUTOS = YES_AGGRESSIVE;
				GCC_WARN_UNUSED_FUNCTION = YES;
				GCC_WARN_UNUSED_VARIABLE = YES;
				IPHONEOS_DEPLOYMENT_TARGET = 10.2;
				MTL_ENABLE_DEBUG_INFO = NO;
				SDKROOT = iphoneos;
				SWIFT_OPTIMIZATION_LEVEL = "-Owholemodule";
				TARGETED_DEVICE_FAMILY = "1,2";
				VALIDATE_PRODUCT = YES;
			};
			name = Release;
		};
		6A67CF431F362D2F0001D1B2 /* Debug */ = {
			isa = XCBuildConfiguration;
			buildSettings = {
				ASSETCATALOG_COMPILER_APPICON_NAME = AppIcon;
				INFOPLIST_FILE = BoseWeatherApplication/Info.plist;
				LD_RUNPATH_SEARCH_PATHS = "$(inherited) @executable_path/Frameworks";
				PRODUCT_BUNDLE_IDENTIFIER = RohitNatraj.BoseWeatherApplication;
				PRODUCT_NAME = "$(TARGET_NAME)";
				SWIFT_VERSION = 3.0;
				TARGETED_DEVICE_FAMILY = "1,2";
			};
			name = Debug;
		};
		6A67CF441F362D2F0001D1B2 /* Release */ = {
			isa = XCBuildConfiguration;
			buildSettings = {
				ASSETCATALOG_COMPILER_APPICON_NAME = AppIcon;
				INFOPLIST_FILE = BoseWeatherApplication/Info.plist;
				LD_RUNPATH_SEARCH_PATHS = "$(inherited) @executable_path/Frameworks";
				PRODUCT_BUNDLE_IDENTIFIER = RohitNatraj.BoseWeatherApplication;
				PRODUCT_NAME = "$(TARGET_NAME)";
				SWIFT_VERSION = 3.0;
				TARGETED_DEVICE_FAMILY = "1,2";
			};
			name = Release;
		};
		6A67CF461F362D2F0001D1B2 /* Debug */ = {
			isa = XCBuildConfiguration;
			buildSettings = {
				ALWAYS_EMBED_SWIFT_STANDARD_LIBRARIES = YES;
				BUNDLE_LOADER = "$(TEST_HOST)";
				INFOPLIST_FILE = BoseWeatherApplicationTests/Info.plist;
				LD_RUNPATH_SEARCH_PATHS = "$(inherited) @executable_path/Frameworks @loader_path/Frameworks";
				PRODUCT_BUNDLE_IDENTIFIER = RohitNatraj.BoseWeatherApplicationTests;
				PRODUCT_NAME = "$(TARGET_NAME)";
				SWIFT_VERSION = 3.0;
				TEST_HOST = "$(BUILT_PRODUCTS_DIR)/BoseWeatherApplication.app/BoseWeatherApplication";
			};
			name = Debug;
		};
		6A67CF471F362D2F0001D1B2 /* Release */ = {
			isa = XCBuildConfiguration;
			buildSettings = {
				ALWAYS_EMBED_SWIFT_STANDARD_LIBRARIES = YES;
				BUNDLE_LOADER = "$(TEST_HOST)";
				INFOPLIST_FILE = BoseWeatherApplicationTests/Info.plist;
				LD_RUNPATH_SEARCH_PATHS = "$(inherited) @executable_path/Frameworks @loader_path/Frameworks";
				PRODUCT_BUNDLE_IDENTIFIER = RohitNatraj.BoseWeatherApplicationTests;
				PRODUCT_NAME = "$(TARGET_NAME)";
				SWIFT_VERSION = 3.0;
				TEST_HOST = "$(BUILT_PRODUCTS_DIR)/BoseWeatherApplication.app/BoseWeatherApplication";
			};
			name = Release;
		};
/* End XCBuildConfiguration section */

/* Begin XCConfigurationList section */
		6A67CF201F362D2F0001D1B2 /* Build configuration list for PBXProject "BoseWeatherApplication" */ = {
			isa = XCConfigurationList;
			buildConfigurations = (
				6A67CF401F362D2F0001D1B2 /* Debug */,
				6A67CF411F362D2F0001D1B2 /* Release */,
			);
			defaultConfigurationIsVisible = 0;
			defaultConfigurationName = Release;
		};
		6A67CF421F362D2F0001D1B2 /* Build configuration list for PBXNativeTarget "BoseWeatherApplication" */ = {
			isa = XCConfigurationList;
			buildConfigurations = (
				6A67CF431F362D2F0001D1B2 /* Debug */,
				6A67CF441F362D2F0001D1B2 /* Release */,
			);
			defaultConfigurationIsVisible = 0;
			defaultConfigurationName = Release;
		};
		6A67CF451F362D2F0001D1B2 /* Build configuration list for PBXNativeTarget "BoseWeatherApplicationTests" */ = {
			isa = XCConfigurationList;
			buildConfigurations = (
				6A67CF461F362D2F0001D1B2 /* Debug */,
				6A67CF471F362D2F0001D1B2 /* Release */,
			);
			defaultConfigurationIsVisible = 0;
			defaultConfigurationName = Release;
		};
/* End XCConfigurationList section */
	};
	rootObject = 6A67CF1D1F362D2F0001D1B2 /* Project object */;
}
